
Microsoft Visual Studio Solution File, Format Version 12.00
# Visual Studio Version 17
VisualStudioVersion = 17.0.31903.59
MinimumVisualStudioVersion = 10.0.40219.1
Project("{FAE04EC0-301F-11D3-BF4B-00C04F79EFBC}") = "API", "API\API.csproj", "{D4DD1BD9-E277-4435-97B1-1E7B16A5A24F}"
EndProject
Project("{FAE04EC0-301F-11D3-BF4B-00C04F79EFBC}") = "Core", "Core\Core.csproj", "{77BF00FF-9560-4F25-969F-E1D07A62F862}"
EndProject
Project("{FAE04EC0-301F-11D3-BF4B-00C04F79EFBC}") = "Infrastructure", "Infrastructure\Infrastructure.csproj", "{2BC9CF53-F552-41D3-A8A9-345F479CF09A}"
EndProject
Global
	GlobalSection(SolutionConfigurationPlatforms) = preSolution
		Debug|Any CPU = Debug|Any CPU
		Release|Any CPU = Release|Any CPU
	EndGlobalSection
	GlobalSection(SolutionProperties) = preSolution
		HideSolutionNode = FALSE
	EndGlobalSection
	GlobalSection(ProjectConfigurationPlatforms) = postSolution
		{D4DD1BD9-E277-4435-97B1-1E7B16A5A24F}.Debug|Any CPU.ActiveCfg = Debug|Any CPU
		{D4DD1BD9-E277-4435-97B1-1E7B16A5A24F}.Debug|Any CPU.Build.0 = Debug|Any CPU
		{D4DD1BD9-E277-4435-97B1-1E7B16A5A24F}.Release|Any CPU.ActiveCfg = Release|Any CPU
		{D4DD1BD9-E277-4435-97B1-1E7B16A5A24F}.Release|Any CPU.Build.0 = Release|Any CPU
		{77BF00FF-9560-4F25-969F-E1D07A62F862}.Debug|Any CPU.ActiveCfg = Debug|Any CPU
		{77BF00FF-9560-4F25-969F-E1D07A62F862}.Debug|Any CPU.Build.0 = Debug|Any CPU
		{77BF00FF-9560-4F25-969F-E1D07A62F862}.Release|Any CPU.ActiveCfg = Release|Any CPU
		{77BF00FF-9560-4F25-969F-E1D07A62F862}.Release|Any CPU.Build.0 = Release|Any CPU
		{2BC9CF53-F552-41D3-A8A9-345F479CF09A}.Debug|Any CPU.ActiveCfg = Debug|Any CPU
		{2BC9CF53-F552-41D3-A8A9-345F479CF09A}.Debug|Any CPU.Build.0 = Debug|Any CPU
		{2BC9CF53-F552-41D3-A8A9-345F479CF09A}.Release|Any CPU.ActiveCfg = Release|Any CPU
		{2BC9CF53-F552-41D3-A8A9-345F479CF09A}.Release|Any CPU.Build.0 = Release|Any CPU
	EndGlobalSection
EndGlobal
